// !$*UTF8*$!
{
	archiveVersion = 1;
	classes = {
	};
	objectVersion = 50;
	objects = {

/* Begin PBXBuildFile section */
		3F0F9D9B22D3B2F900DA9471 /* ViewControllerShop.swift in Sources */ = {isa = PBXBuildFile; fileRef = 3F0F9D9A22D3B2F900DA9471 /* ViewControllerShop.swift */; };
		3F0F9D9D22D4C6E600DA9471 /* ViewControllerLogin.swift in Sources */ = {isa = PBXBuildFile; fileRef = 3F0F9D9C22D4C6E600DA9471 /* ViewControllerLogin.swift */; };
		3F0F9D9F22D508D400DA9471 /* ViewControllerAutomatic.swift in Sources */ = {isa = PBXBuildFile; fileRef = 3F0F9D9E22D508D400DA9471 /* ViewControllerAutomatic.swift */; };
		3F21F6FF22D6567200E77871 /* Cha_Ching_Register-Muska666-173262285 (1).wav in Resources */ = {isa = PBXBuildFile; fileRef = 3F21F6FE22D6567100E77871 /* Cha_Ching_Register-Muska666-173262285 (1).wav */; };
		3F21F70122D65CB700E77871 /* Heavenly Choir Sound Effect.mp3 in Resources */ = {isa = PBXBuildFile; fileRef = 3F21F70022D65CB700E77871 /* Heavenly Choir Sound Effect.mp3 */; };
		3F21F70322D6641700E77871 /* 2018-10-06_-_Silly_Chicken_-_David_Fesliyan.mp3 in Resources */ = {isa = PBXBuildFile; fileRef = 3F21F70222D6641700E77871 /* 2018-10-06_-_Silly_Chicken_-_David_Fesliyan.mp3 */; };
		3F3C4A8622D3780000A61721 /* ViewControllerGame.swift in Sources */ = {isa = PBXBuildFile; fileRef = 3F3C4A8522D3780000A61721 /* ViewControllerGame.swift */; };
		3F3C4A8822D3987900A61721 /* Click2-Sebastian-759472264.wav in Resources */ = {isa = PBXBuildFile; fileRef = 3F3C4A8722D3987900A61721 /* Click2-Sebastian-759472264.wav */; };
		3F55942322D0D08900E7C5C7 /* AppDelegate.swift in Sources */ = {isa = PBXBuildFile; fileRef = 3F55942222D0D08900E7C5C7 /* AppDelegate.swift */; };
		3F55942522D0D08900E7C5C7 /* ViewController.swift in Sources */ = {isa = PBXBuildFile; fileRef = 3F55942422D0D08900E7C5C7 /* ViewController.swift */; };
		3F55942822D0D08900E7C5C7 /* Main.storyboard in Resources */ = {isa = PBXBuildFile; fileRef = 3F55942622D0D08900E7C5C7 /* Main.storyboard */; };
		3F55942A22D0D08C00E7C5C7 /* Assets.xcassets in Resources */ = {isa = PBXBuildFile; fileRef = 3F55942922D0D08C00E7C5C7 /* Assets.xcassets */; };
		3F55942D22D0D08C00E7C5C7 /* LaunchScreen.storyboard in Resources */ = {isa = PBXBuildFile; fileRef = 3F55942B22D0D08C00E7C5C7 /* LaunchScreen.storyboard */; };
		3F55943822D0D08C00E7C5C7 /* Tap_Tap_Revolution___Tests.swift in Sources */ = {isa = PBXBuildFile; fileRef = 3F55943722D0D08C00E7C5C7 /* Tap_Tap_Revolution___Tests.swift */; };
		3F55944322D0D08C00E7C5C7 /* Tap_Tap_Revolution___UITests.swift in Sources */ = {isa = PBXBuildFile; fileRef = 3F55944222D0D08C00E7C5C7 /* Tap_Tap_Revolution___UITests.swift */; };
		3F9BF71D22D0D61600A8036B /* ViewControllerSettings.swift in Sources */ = {isa = PBXBuildFile; fileRef = 3F9BF71C22D0D61600A8036B /* ViewControllerSettings.swift */; };
		3F9BF71F22D0E4B100A8036B /* ViewControllerInstructions.swift in Sources */ = {isa = PBXBuildFile; fileRef = 3F9BF71E22D0E4B100A8036B /* ViewControllerInstructions.swift */; };
		3F9BF72122D0F45600A8036B /* ViewControllerGameBeginning.swift in Sources */ = {isa = PBXBuildFile; fileRef = 3F9BF72022D0F45600A8036B /* ViewControllerGameBeginning.swift */; };
/* End PBXBuildFile section */

/* Begin PBXContainerItemProxy section */
		3F55943422D0D08C00E7C5C7 /* PBXContainerItemProxy */ = {
			isa = PBXContainerItemProxy;
			containerPortal = 3F55941722D0D08900E7C5C7 /* Project object */;
			proxyType = 1;
			remoteGlobalIDString = 3F55941E22D0D08900E7C5C7;
			remoteInfo = "Tap Tap Revolution!!!";
		};
		3F55943F22D0D08C00E7C5C7 /* PBXContainerItemProxy */ = {
			isa = PBXContainerItemProxy;
			containerPortal = 3F55941722D0D08900E7C5C7 /* Project object */;
			proxyType = 1;
			remoteGlobalIDString = 3F55941E22D0D08900E7C5C7;
			remoteInfo = "Tap Tap Revolution!!!";
		};
/* End PBXContainerItemProxy section */

/* Begin PBXFileReference section */
		3F0F9D9A22D3B2F900DA9471 /* ViewControllerShop.swift */ = {isa = PBXFileReference; lastKnownFileType = sourcecode.swift; path = ViewControllerShop.swift; sourceTree = "<group>"; };
		3F0F9D9C22D4C6E600DA9471 /* ViewControllerLogin.swift */ = {isa = PBXFileReference; lastKnownFileType = sourcecode.swift; path = ViewControllerLogin.swift; sourceTree = "<group>"; };
		3F0F9D9E22D508D400DA9471 /* ViewControllerAutomatic.swift */ = {isa = PBXFileReference; lastKnownFileType = sourcecode.swift; path = ViewControllerAutomatic.swift; sourceTree = "<group>"; };
		3F21F6FE22D6567100E77871 /* Cha_Ching_Register-Muska666-173262285 (1).wav */ = {isa = PBXFileReference; lastKnownFileType = audio.wav; name = "Cha_Ching_Register-Muska666-173262285 (1).wav"; path = "../../Cha_Ching_Register-Muska666-173262285 (1).wav"; sourceTree = "<group>"; };
		3F21F70022D65CB700E77871 /* Heavenly Choir Sound Effect.mp3 */ = {isa = PBXFileReference; lastKnownFileType = audio.mp3; name = "Heavenly Choir Sound Effect.mp3"; path = "../../Heavenly Choir Sound Effect.mp3"; sourceTree = "<group>"; };
		3F21F70222D6641700E77871 /* 2018-10-06_-_Silly_Chicken_-_David_Fesliyan.mp3 */ = {isa = PBXFileReference; lastKnownFileType = audio.mp3; name = "2018-10-06_-_Silly_Chicken_-_David_Fesliyan.mp3"; path = "../../2018-10-06_-_Silly_Chicken_-_David_Fesliyan.mp3"; sourceTree = "<group>"; };
		3F3C4A8522D3780000A61721 /* ViewControllerGame.swift */ = {isa = PBXFileReference; lastKnownFileType = sourcecode.swift; path = ViewControllerGame.swift; sourceTree = "<group>"; };
		3F3C4A8722D3987900A61721 /* Click2-Sebastian-759472264.wav */ = {isa = PBXFileReference; lastKnownFileType = audio.wav; name = "Click2-Sebastian-759472264.wav"; path = "../../Click2-Sebastian-759472264.wav"; sourceTree = "<group>"; };
		3F55941F22D0D08900E7C5C7 /* Tap Tap Revolution!!!.app */ = {isa = PBXFileReference; explicitFileType = wrapper.application; includeInIndex = 0; path = "Tap Tap Revolution!!!.app"; sourceTree = BUILT_PRODUCTS_DIR; };
		3F55942222D0D08900E7C5C7 /* AppDelegate.swift */ = {isa = PBXFileReference; lastKnownFileType = sourcecode.swift; path = AppDelegate.swift; sourceTree = "<group>"; };
		3F55942422D0D08900E7C5C7 /* ViewController.swift */ = {isa = PBXFileReference; lastKnownFileType = sourcecode.swift; path = ViewController.swift; sourceTree = "<group>"; };
		3F55942722D0D08900E7C5C7 /* Base */ = {isa = PBXFileReference; lastKnownFileType = file.storyboard; name = Base; path = Base.lproj/Main.storyboard; sourceTree = "<group>"; };
		3F55942922D0D08C00E7C5C7 /* Assets.xcassets */ = {isa = PBXFileReference; lastKnownFileType = folder.assetcatalog; path = Assets.xcassets; sourceTree = "<group>"; };
		3F55942C22D0D08C00E7C5C7 /* Base */ = {isa = PBXFileReference; lastKnownFileType = file.storyboard; name = Base; path = Base.lproj/LaunchScreen.storyboard; sourceTree = "<group>"; };
		3F55942E22D0D08C00E7C5C7 /* Info.plist */ = {isa = PBXFileReference; lastKnownFileType = text.plist.xml; path = Info.plist; sourceTree = "<group>"; };
		3F55943322D0D08C00E7C5C7 /* Tap Tap Revolution!!!Tests.xctest */ = {isa = PBXFileReference; explicitFileType = wrapper.cfbundle; includeInIndex = 0; path = "Tap Tap Revolution!!!Tests.xctest"; sourceTree = BUILT_PRODUCTS_DIR; };
		3F55943722D0D08C00E7C5C7 /* Tap_Tap_Revolution___Tests.swift */ = {isa = PBXFileReference; lastKnownFileType = sourcecode.swift; path = "Tap_Tap_Revolution___Tests.swift"; sourceTree = "<group>"; };
		3F55943922D0D08C00E7C5C7 /* Info.plist */ = {isa = PBXFileReference; lastKnownFileType = text.plist.xml; path = Info.plist; sourceTree = "<group>"; };
		3F55943E22D0D08C00E7C5C7 /* Tap Tap Revolution!!!UITests.xctest */ = {isa = PBXFileReference; explicitFileType = wrapper.cfbundle; includeInIndex = 0; path = "Tap Tap Revolution!!!UITests.xctest"; sourceTree = BUILT_PRODUCTS_DIR; };
		3F55944222D0D08C00E7C5C7 /* Tap_Tap_Revolution___UITests.swift */ = {isa = PBXFileReference; lastKnownFileType = sourcecode.swift; path = "Tap_Tap_Revolution___UITests.swift"; sourceTree = "<group>"; };
		3F55944422D0D08C00E7C5C7 /* Info.plist */ = {isa = PBXFileReference; lastKnownFileType = text.plist.xml; path = Info.plist; sourceTree = "<group>"; };
		3F9BF71C22D0D61600A8036B /* ViewControllerSettings.swift */ = {isa = PBXFileReference; lastKnownFileType = sourcecode.swift; path = ViewControllerSettings.swift; sourceTree = "<group>"; };
		3F9BF71E22D0E4B100A8036B /* ViewControllerInstructions.swift */ = {isa = PBXFileReference; lastKnownFileType = sourcecode.swift; path = ViewControllerInstructions.swift; sourceTree = "<group>"; };
		3F9BF72022D0F45600A8036B /* ViewControllerGameBeginning.swift */ = {isa = PBXFileReference; lastKnownFileType = sourcecode.swift; path = ViewControllerGameBeginning.swift; sourceTree = "<group>"; };
/* End PBXFileReference section */

/* Begin PBXFrameworksBuildPhase section */
		3F55941C22D0D08900E7C5C7 /* Frameworks */ = {
			isa = PBXFrameworksBuildPhase;
			buildActionMask = 2147483647;
			files = (
			);
			runOnlyForDeploymentPostprocessing = 0;
		};
		3F55943022D0D08C00E7C5C7 /* Frameworks */ = {
			isa = PBXFrameworksBuildPhase;
			buildActionMask = 2147483647;
			files = (
			);
			runOnlyForDeploymentPostprocessing = 0;
		};
		3F55943B22D0D08C00E7C5C7 /* Frameworks */ = {
			isa = PBXFrameworksBuildPhase;
			buildActionMask = 2147483647;
			files = (
			);
			runOnlyForDeploymentPostprocessing = 0;
		};
/* End PBXFrameworksBuildPhase section */

/* Begin PBXGroup section */
		3F55941622D0D08900E7C5C7 = {
			isa = PBXGroup;
			children = (
				3F55942122D0D08900E7C5C7 /* Tap Tap Revolution!!! */,
				3F55943622D0D08C00E7C5C7 /* Tap Tap Revolution!!!Tests */,
				3F55944122D0D08C00E7C5C7 /* Tap Tap Revolution!!!UITests */,
				3F55942022D0D08900E7C5C7 /* Products */,
			);
			sourceTree = "<group>";
		};
		3F55942022D0D08900E7C5C7 /* Products */ = {
			isa = PBXGroup;
			children = (
				3F55941F22D0D08900E7C5C7 /* Tap Tap Revolution!!!.app */,
				3F55943322D0D08C00E7C5C7 /* Tap Tap Revolution!!!Tests.xctest */,
				3F55943E22D0D08C00E7C5C7 /* Tap Tap Revolution!!!UITests.xctest */,
			);
			name = Products;
			sourceTree = "<group>";
		};
		3F55942122D0D08900E7C5C7 /* Tap Tap Revolution!!! */ = {
			isa = PBXGroup;
			children = (
				3F55942222D0D08900E7C5C7 /* AppDelegate.swift */,
				3F55942422D0D08900E7C5C7 /* ViewController.swift */,
				3F55942622D0D08900E7C5C7 /* Main.storyboard */,
				3F0F9D9E22D508D400DA9471 /* ViewControllerAutomatic.swift */,
				3F9BF72022D0F45600A8036B /* ViewControllerGameBeginning.swift */,
				3F0F9D9C22D4C6E600DA9471 /* ViewControllerLogin.swift */,
				3F0F9D9A22D3B2F900DA9471 /* ViewControllerShop.swift */,
				3F3C4A8522D3780000A61721 /* ViewControllerGame.swift */,
				3F9BF71E22D0E4B100A8036B /* ViewControllerInstructions.swift */,
				3F9BF71C22D0D61600A8036B /* ViewControllerSettings.swift */,
				3F55942922D0D08C00E7C5C7 /* Assets.xcassets */,
				3F55942B22D0D08C00E7C5C7 /* LaunchScreen.storyboard */,
				3F55942E22D0D08C00E7C5C7 /* Info.plist */,
				3F3C4A8722D3987900A61721 /* Click2-Sebastian-759472264.wav */,
				3F21F6FE22D6567100E77871 /* Cha_Ching_Register-Muska666-173262285 (1).wav */,
				3F21F70022D65CB700E77871 /* Heavenly Choir Sound Effect.mp3 */,
				3F21F70222D6641700E77871 /* 2018-10-06_-_Silly_Chicken_-_David_Fesliyan.mp3 */,
			);
			path = "Tap Tap Revolution!!!";
			sourceTree = "<group>";
		};
		3F55943622D0D08C00E7C5C7 /* Tap Tap Revolution!!!Tests */ = {
			isa = PBXGroup;
			children = (
				3F55943722D0D08C00E7C5C7 /* Tap_Tap_Revolution___Tests.swift */,
				3F55943922D0D08C00E7C5C7 /* Info.plist */,
			);
			path = "Tap Tap Revolution!!!Tests";
			sourceTree = "<group>";
		};
		3F55944122D0D08C00E7C5C7 /* Tap Tap Revolution!!!UITests */ = {
			isa = PBXGroup;
			children = (
				3F55944222D0D08C00E7C5C7 /* Tap_Tap_Revolution___UITests.swift */,
				3F55944422D0D08C00E7C5C7 /* Info.plist */,
			);
			path = "Tap Tap Revolution!!!UITests";
			sourceTree = "<group>";
		};
/* End PBXGroup section */

/* Begin PBXNativeTarget section */
		3F55941E22D0D08900E7C5C7 /* Tap Tap Revolution!!! */ = {
			isa = PBXNativeTarget;
			buildConfigurationList = 3F55944722D0D08C00E7C5C7 /* Build configuration list for PBXNativeTarget "Tap Tap Revolution!!!" */;
			buildPhases = (
				3F55941B22D0D08900E7C5C7 /* Sources */,
				3F55941C22D0D08900E7C5C7 /* Frameworks */,
				3F55941D22D0D08900E7C5C7 /* Resources */,
			);
			buildRules = (
			);
			dependencies = (
			);
			name = "Tap Tap Revolution!!!";
			productName = "Tap Tap Revolution!!!";
			productReference = 3F55941F22D0D08900E7C5C7 /* Tap Tap Revolution!!!.app */;
			productType = "com.apple.product-type.application";
		};
		3F55943222D0D08C00E7C5C7 /* Tap Tap Revolution!!!Tests */ = {
			isa = PBXNativeTarget;
			buildConfigurationList = 3F55944A22D0D08C00E7C5C7 /* Build configuration list for PBXNativeTarget "Tap Tap Revolution!!!Tests" */;
			buildPhases = (
				3F55942F22D0D08C00E7C5C7 /* Sources */,
				3F55943022D0D08C00E7C5C7 /* Frameworks */,
				3F55943122D0D08C00E7C5C7 /* Resources */,
			);
			buildRules = (
			);
			dependencies = (
				3F55943522D0D08C00E7C5C7 /* PBXTargetDependency */,
			);
			name = "Tap Tap Revolution!!!Tests";
			productName = "Tap Tap Revolution!!!Tests";
			productReference = 3F55943322D0D08C00E7C5C7 /* Tap Tap Revolution!!!Tests.xctest */;
			productType = "com.apple.product-type.bundle.unit-test";
		};
		3F55943D22D0D08C00E7C5C7 /* Tap Tap Revolution!!!UITests */ = {
			isa = PBXNativeTarget;
			buildConfigurationList = 3F55944D22D0D08C00E7C5C7 /* Build configuration list for PBXNativeTarget "Tap Tap Revolution!!!UITests" */;
			buildPhases = (
				3F55943A22D0D08C00E7C5C7 /* Sources */,
				3F55943B22D0D08C00E7C5C7 /* Frameworks */,
				3F55943C22D0D08C00E7C5C7 /* Resources */,
			);
			buildRules = (
			);
			dependencies = (
				3F55944022D0D08C00E7C5C7 /* PBXTargetDependency */,
			);
			name = "Tap Tap Revolution!!!UITests";
			productName = "Tap Tap Revolution!!!UITests";
			productReference = 3F55943E22D0D08C00E7C5C7 /* Tap Tap Revolution!!!UITests.xctest */;
			productType = "com.apple.product-type.bundle.ui-testing";
		};
/* End PBXNativeTarget section */

/* Begin PBXProject section */
		3F55941722D0D08900E7C5C7 /* Project object */ = {
			isa = PBXProject;
			attributes = {
				LastSwiftUpdateCheck = 1010;
				LastUpgradeCheck = 1010;
				ORGANIZATIONNAME = Student;
				TargetAttributes = {
					3F55941E22D0D08900E7C5C7 = {
						CreatedOnToolsVersion = 10.1;
					};
					3F55943222D0D08C00E7C5C7 = {
						CreatedOnToolsVersion = 10.1;
						TestTargetID = 3F55941E22D0D08900E7C5C7;
					};
					3F55943D22D0D08C00E7C5C7 = {
						CreatedOnToolsVersion = 10.1;
						TestTargetID = 3F55941E22D0D08900E7C5C7;
					};
				};
			};
			buildConfigurationList = 3F55941A22D0D08900E7C5C7 /* Build configuration list for PBXProject "Tap Tap Revolution!!!" */;
			compatibilityVersion = "Xcode 9.3";
			developmentRegion = en;
			hasScannedForEncodings = 0;
			knownRegions = (
				en,
				Base,
			);
			mainGroup = 3F55941622D0D08900E7C5C7;
			productRefGroup = 3F55942022D0D08900E7C5C7 /* Products */;
			projectDirPath = "";
			projectRoot = "";
			targets = (
				3F55941E22D0D08900E7C5C7 /* Tap Tap Revolution!!! */,
				3F55943222D0D08C00E7C5C7 /* Tap Tap Revolution!!!Tests */,
				3F55943D22D0D08C00E7C5C7 /* Tap Tap Revolution!!!UITests */,
			);
		};
/* End PBXProject section */

/* Begin PBXResourcesBuildPhase section */
		3F55941D22D0D08900E7C5C7 /* Resources */ = {
			isa = PBXResourcesBuildPhase;
			buildActionMask = 2147483647;
			files = (
				3F21F70122D65CB700E77871 /* Heavenly Choir Sound Effect.mp3 in Resources */,
				3F3C4A8822D3987900A61721 /* Click2-Sebastian-759472264.wav in Resources */,
				3F21F70322D6641700E77871 /* 2018-10-06_-_Silly_Chicken_-_David_Fesliyan.mp3 in Resources */,
				3F21F6FF22D6567200E77871 /* Cha_Ching_Register-Muska666-173262285 (1).wav in Resources */,
				3F55942D22D0D08C00E7C5C7 /* LaunchScreen.storyboard in Resources */,
				3F55942A22D0D08C00E7C5C7 /* Assets.xcassets in Resources */,
				3F55942822D0D08900E7C5C7 /* Main.storyboard in Resources */,
			);
			runOnlyForDeploymentPostprocessing = 0;
		};
		3F55943122D0D08C00E7C5C7 /* Resources */ = {
			isa = PBXResourcesBuildPhase;
			buildActionMask = 2147483647;
			files = (
			);
			runOnlyForDeploymentPostprocessing = 0;
		};
		3F55943C22D0D08C00E7C5C7 /* Resources */ = {
			isa = PBXResourcesBuildPhase;
			buildActionMask = 2147483647;
			files = (
			);
			runOnlyForDeploymentPostprocessing = 0;
		};
/* End PBXResourcesBuildPhase section */

/* Begin PBXSourcesBuildPhase section */
		3F55941B22D0D08900E7C5C7 /* Sources */ = {
			isa = PBXSourcesBuildPhase;
			buildActionMask = 2147483647;
			files = (
				3F0F9D9B22D3B2F900DA9471 /* ViewControllerShop.swift in Sources */,
				3F55942522D0D08900E7C5C7 /* ViewController.swift in Sources */,
				3F9BF72122D0F45600A8036B /* ViewControllerGameBeginning.swift in Sources */,
				3F3C4A8622D3780000A61721 /* ViewControllerGame.swift in Sources */,
				3F0F9D9D22D4C6E600DA9471 /* ViewControllerLogin.swift in Sources */,
				3F0F9D9F22D508D400DA9471 /* ViewControllerAutomatic.swift in Sources */,
				3F55942322D0D08900E7C5C7 /* AppDelegate.swift in Sources */,
				3F9BF71F22D0E4B100A8036B /* ViewControllerInstructions.swift in Sources */,
				3F9BF71D22D0D61600A8036B /* ViewControllerSettings.swift in Sources */,
			);
			runOnlyForDeploymentPostprocessing = 0;
		};
		3F55942F22D0D08C00E7C5C7 /* Sources */ = {
			isa = PBXSourcesBuildPhase;
			buildActionMask = 2147483647;
			files = (
				3F55943822D0D08C00E7C5C7 /* Tap_Tap_Revolution___Tests.swift in Sources */,
			);
			runOnlyForDeploymentPostprocessing = 0;
		};
		3F55943A22D0D08C00E7C5C7 /* Sources */ = {
			isa = PBXSourcesBuildPhase;
			buildActionMask = 2147483647;
			files = (
				3F55944322D0D08C00E7C5C7 /* Tap_Tap_Revolution___UITests.swift in Sources */,
			);
			runOnlyForDeploymentPostprocessing = 0;
		};
/* End PBXSourcesBuildPhase section */

/* Begin PBXTargetDependency section */
		3F55943522D0D08C00E7C5C7 /* PBXTargetDependency */ = {
			isa = PBXTargetDependency;
			target = 3F55941E22D0D08900E7C5C7 /* Tap Tap Revolution!!! */;
			targetProxy = 3F55943422D0D08C00E7C5C7 /* PBXContainerItemProxy */;
		};
		3F55944022D0D08C00E7C5C7 /* PBXTargetDependency */ = {
			isa = PBXTargetDependency;
			target = 3F55941E22D0D08900E7C5C7 /* Tap Tap Revolution!!! */;
			targetProxy = 3F55943F22D0D08C00E7C5C7 /* PBXContainerItemProxy */;
		};
/* End PBXTargetDependency section */

/* Begin PBXVariantGroup section */
		3F55942622D0D08900E7C5C7 /* Main.storyboard */ = {
			isa = PBXVariantGroup;
			children = (
				3F55942722D0D08900E7C5C7 /* Base */,
			);
			name = Main.storyboard;
			sourceTree = "<group>";
		};
		3F55942B22D0D08C00E7C5C7 /* LaunchScreen.storyboard */ = {
			isa = PBXVariantGroup;
			children = (
				3F55942C22D0D08C00E7C5C7 /* Base */,
			);
			name = LaunchScreen.storyboard;
			sourceTree = "<group>";
		};
/* End PBXVariantGroup section */

/* Begin XCBuildConfiguration section */
		3F55944522D0D08C00E7C5C7 /* Debug */ = {
			isa = XCBuildConfiguration;
			buildSettings = {
				ALWAYS_SEARCH_USER_PATHS = NO;
				CLANG_ANALYZER_NONNULL = YES;
				CLANG_ANALYZER_NUMBER_OBJECT_CONVERSION = YES_AGGRESSIVE;
				CLANG_CXX_LANGUAGE_STANDARD = "gnu++14";
				CLANG_CXX_LIBRARY = "libc++";
				CLANG_ENABLE_MODULES = YES;
				CLANG_ENABLE_OBJC_ARC = YES;
				CLANG_ENABLE_OBJC_WEAK = YES;
				CLANG_WARN_BLOCK_CAPTURE_AUTORELEASING = YES;
				CLANG_WARN_BOOL_CONVERSION = YES;
				CLANG_WARN_COMMA = YES;
				CLANG_WARN_CONSTANT_CONVERSION = YES;
				CLANG_WARN_DEPRECATED_OBJC_IMPLEMENTATIONS = YES;
				CLANG_WARN_DIRECT_OBJC_ISA_USAGE = YES_ERROR;
				CLANG_WARN_DOCUMENTATION_COMMENTS = YES;
				CLANG_WARN_EMPTY_BODY = YES;
				CLANG_WARN_ENUM_CONVERSION = YES;
				CLANG_WARN_INFINITE_RECURSION = YES;
				CLANG_WARN_INT_CONVERSION = YES;
				CLANG_WARN_NON_LITERAL_NULL_CONVERSION = YES;
				CLANG_WARN_OBJC_IMPLICIT_RETAIN_SELF = YES;
				CLANG_WARN_OBJC_LITERAL_CONVERSION = YES;
				CLANG_WARN_OBJC_ROOT_CLASS = YES_ERROR;
				CLANG_WARN_RANGE_LOOP_ANALYSIS = YES;
				CLANG_WARN_STRICT_PROTOTYPES = YES;
				CLANG_WARN_SUSPICIOUS_MOVE = YES;
				CLANG_WARN_UNGUARDED_AVAILABILITY = YES_AGGRESSIVE;
				CLANG_WARN_UNREACHABLE_CODE = YES;
				CLANG_WARN__DUPLICATE_METHOD_MATCH = YES;
				CODE_SIGN_IDENTITY = "iPhone Developer";
				COPY_PHASE_STRIP = NO;
				DEBUG_INFORMATION_FORMAT = dwarf;
				ENABLE_STRICT_OBJC_MSGSEND = YES;
				ENABLE_TESTABILITY = YES;
				GCC_C_LANGUAGE_STANDARD = gnu11;
				GCC_DYNAMIC_NO_PIC = NO;
				GCC_NO_COMMON_BLOCKS = YES;
				GCC_OPTIMIZATION_LEVEL = 0;
				GCC_PREPROCESSOR_DEFINITIONS = (
					"DEBUG=1",
					"$(inherited)",
				);
				GCC_WARN_64_TO_32_BIT_CONVERSION = YES;
				GCC_WARN_ABOUT_RETURN_TYPE = YES_ERROR;
				GCC_WARN_UNDECLARED_SELECTOR = YES;
				GCC_WARN_UNINITIALIZED_AUTOS = YES_AGGRESSIVE;
				GCC_WARN_UNUSED_FUNCTION = YES;
				GCC_WARN_UNUSED_VARIABLE = YES;
				IPHONEOS_DEPLOYMENT_TARGET = 12.1;
				MTL_ENABLE_DEBUG_INFO = INCLUDE_SOURCE;
				MTL_FAST_MATH = YES;
				ONLY_ACTIVE_ARCH = YES;
				SDKROOT = iphoneos;
				SWIFT_ACTIVE_COMPILATION_CONDITIONS = DEBUG;
				SWIFT_OPTIMIZATION_LEVEL = "-Onone";
			};
			name = Debug;
		};
		3F55944622D0D08C00E7C5C7 /* Release */ = {
			isa = XCBuildConfiguration;
			buildSettings = {
				ALWAYS_SEARCH_USER_PATHS = NO;
				CLANG_ANALYZER_NONNULL = YES;
				CLANG_ANALYZER_NUMBER_OBJECT_CONVERSION = YES_AGGRESSIVE;
				CLANG_CXX_LANGUAGE_STANDARD = "gnu++14";
				CLANG_CXX_LIBRARY = "libc++";
				CLANG_ENABLE_MODULES = YES;
				CLANG_ENABLE_OBJC_ARC = YES;
				CLANG_ENABLE_OBJC_WEAK = YES;
				CLANG_WARN_BLOCK_CAPTURE_AUTORELEASING = YES;
				CLANG_WARN_BOOL_CONVERSION = YES;
				CLANG_WARN_COMMA = YES;
				CLANG_WARN_CONSTANT_CONVERSION = YES;
				CLANG_WARN_DEPRECATED_OBJC_IMPLEMENTATIONS = YES;
				CLANG_WARN_DIRECT_OBJC_ISA_USAGE = YES_ERROR;
				CLANG_WARN_DOCUMENTATION_COMMENTS = YES;
				CLANG_WARN_EMPTY_BODY = YES;
				CLANG_WARN_ENUM_CONVERSION = YES;
				CLANG_WARN_INFINITE_RECURSION = YES;
				CLANG_WARN_INT_CONVERSION = YES;
				CLANG_WARN_NON_LITERAL_NULL_CONVERSION = YES;
				CLANG_WARN_OBJC_IMPLICIT_RETAIN_SELF = YES;
				CLANG_WARN_OBJC_LITERAL_CONVERSION = YES;
				CLANG_WARN_OBJC_ROOT_CLASS = YES_ERROR;
				CLANG_WARN_RANGE_LOOP_ANALYSIS = YES;
				CLANG_WARN_STRICT_PROTOTYPES = YES;
				CLANG_WARN_SUSPICIOUS_MOVE = YES;
				CLANG_WARN_UNGUARDED_AVAILABILITY = YES_AGGRESSIVE;
				CLANG_WARN_UNREACHABLE_CODE = YES;
				CLANG_WARN__DUPLICATE_METHOD_MATCH = YES;
				CODE_SIGN_IDENTITY = "iPhone Developer";
				COPY_PHASE_STRIP = NO;
				DEBUG_INFORMATION_FORMAT = "dwarf-with-dsym";
				ENABLE_NS_ASSERTIONS = NO;
				ENABLE_STRICT_OBJC_MSGSEND = YES;
				GCC_C_LANGUAGE_STANDARD = gnu11;
				GCC_NO_COMMON_BLOCKS = YES;
				GCC_WARN_64_TO_32_BIT_CONVERSION = YES;
				GCC_WARN_ABOUT_RETURN_TYPE = YES_ERROR;
				GCC_WARN_UNDECLARED_SELECTOR = YES;
				GCC_WARN_UNINITIALIZED_AUTOS = YES_AGGRESSIVE;
				GCC_WARN_UNUSED_FUNCTION = YES;
				GCC_WARN_UNUSED_VARIABLE = YES;
				IPHONEOS_DEPLOYMENT_TARGET = 12.1;
				MTL_ENABLE_DEBUG_INFO = NO;
				MTL_FAST_MATH = YES;
				SDKROOT = iphoneos;
				SWIFT_COMPILATION_MODE = wholemodule;
				SWIFT_OPTIMIZATION_LEVEL = "-O";
				VALIDATE_PRODUCT = YES;
			};
			name = Release;
		};
		3F55944822D0D08C00E7C5C7 /* Debug */ = {
			isa = XCBuildConfiguration;
			buildSettings = {
				ASSETCATALOG_COMPILER_APPICON_NAME = AppIcon;
				CODE_SIGN_STYLE = Automatic;
				INFOPLIST_FILE = "Tap Tap Revolution!!!/Info.plist";
				LD_RUNPATH_SEARCH_PATHS = (
					"$(inherited)",
					"@executable_path/Frameworks",
				);
				PRODUCT_BUNDLE_IDENTIFIER = "org.Hotchkiss.Tap-Tap-Revolution---";
				PRODUCT_NAME = "$(TARGET_NAME)";
				SWIFT_VERSION = 4.2;
				TARGETED_DEVICE_FAMILY = 1;
			};
			name = Debug;
		};
		3F55944922D0D08C00E7C5C7 /* Release */ = {
			isa = XCBuildConfiguration;
			buildSettings = {
				ASSETCATALOG_COMPILER_APPICON_NAME = AppIcon;
				CODE_SIGN_STYLE = Automatic;
				INFOPLIST_FILE = "Tap Tap Revolution!!!/Info.plist";
				LD_RUNPATH_SEARCH_PATHS = (
					"$(inherited)",
					"@executable_path/Frameworks",
				);
				PRODUCT_BUNDLE_IDENTIFIER = "org.Hotchkiss.Tap-Tap-Revolution---";
				PRODUCT_NAME = "$(TARGET_NAME)";
				SWIFT_VERSION = 4.2;
				TARGETED_DEVICE_FAMILY = 1;
			};
			name = Release;
		};
		3F55944B22D0D08C00E7C5C7 /* Debug */ = {
			isa = XCBuildConfiguration;
			buildSettings = {
				ALWAYS_EMBED_SWIFT_STANDARD_LIBRARIES = YES;
				BUNDLE_LOADER = "$(TEST_HOST)";
				CODE_SIGN_STYLE = Automatic;
				INFOPLIST_FILE = "Tap Tap Revolution!!!Tests/Info.plist";
				LD_RUNPATH_SEARCH_PATHS = (
					"$(inherited)",
					"@executable_path/Frameworks",
					"@loader_path/Frameworks",
				);
				PRODUCT_BUNDLE_IDENTIFIER = "org.Hotchkiss.Tap-Tap-Revolution---Tests";
				PRODUCT_NAME = "$(TARGET_NAME)";
				SWIFT_VERSION = 4.2;
				TARGETED_DEVICE_FAMILY = "1,2";
				TEST_HOST = "$(BUILT_PRODUCTS_DIR)/Tap Tap Revolution!!!.app/Tap Tap Revolution!!!";
			};
			name = Debug;
		};
		3F55944C22D0D08C00E7C5C7 /* Release */ = {
			isa = XCBuildConfiguration;
			buildSettings = {
				ALWAYS_EMBED_SWIFT_STANDARD_LIBRARIES = YES;
				BUNDLE_LOADER = "$(TEST_HOST)";
				CODE_SIGN_STYLE = Automatic;
				INFOPLIST_FILE = "Tap Tap Revolution!!!Tests/Info.plist";
				LD_RUNPATH_SEARCH_PATHS = (
					"$(inherited)",
					"@executable_path/Frameworks",
					"@loader_path/Frameworks",
				);
				PRODUCT_BUNDLE_IDENTIFIER = "org.Hotchkiss.Tap-Tap-Revolution---Tests";
				PRODUCT_NAME = "$(TARGET_NAME)";
				SWIFT_VERSION = 4.2;
				TARGETED_DEVICE_FAMILY = "1,2";
				TEST_HOST = "$(BUILT_PRODUCTS_DIR)/Tap Tap Revolution!!!.app/Tap Tap Revolution!!!";
			};
			name = Release;
		};
		3F55944E22D0D08C00E7C5C7 /* Debug */ = {
			isa = XCBuildConfiguration;
			buildSettings = {
				ALWAYS_EMBED_SWIFT_STANDARD_LIBRARIES = YES;
				CODE_SIGN_STYLE = Automatic;
				INFOPLIST_FILE = "Tap Tap Revolution!!!UITests/Info.plist";
				LD_RUNPATH_SEARCH_PATHS = (
					"$(inherited)",
					"@executable_path/Frameworks",
					"@loader_path/Frameworks",
				);
				PRODUCT_BUNDLE_IDENTIFIER = "org.Hotchkiss.Tap-Tap-Revolution---UITests";
				PRODUCT_NAME = "$(TARGET_NAME)";
				SWIFT_VERSION = 4.2;
				TARGETED_DEVICE_FAMILY = "1,2";
				TEST_TARGET_NAME = "Tap Tap Revolution!!!";
			};
			name = Debug;
		};
		3F55944F22D0D08C00E7C5C7 /* Release */ = {
			isa = XCBuildConfiguration;
			buildSettings = {
				ALWAYS_EMBED_SWIFT_STANDARD_LIBRARIES = YES;
				CODE_SIGN_STYLE = Automatic;
				INFOPLIST_FILE = "Tap Tap Revolution!!!UITests/Info.plist";
				LD_RUNPATH_SEARCH_PATHS = (
					"$(inherited)",
					"@executable_path/Frameworks",
					"@loader_path/Frameworks",
				);
				PRODUCT_BUNDLE_IDENTIFIER = "org.Hotchkiss.Tap-Tap-Revolution---UITests";
				PRODUCT_NAME = "$(TARGET_NAME)";
				SWIFT_VERSION = 4.2;
				TARGETED_DEVICE_FAMILY = "1,2";
				TEST_TARGET_NAME = "Tap Tap Revolution!!!";
			};
			name = Release;
		};
/* End XCBuildConfiguration section */

/* Begin XCConfigurationList section */
		3F55941A22D0D08900E7C5C7 /* Build configuration list for PBXProject "Tap Tap Revolution!!!" */ = {
			isa = XCConfigurationList;
			buildConfigurations = (
				3F55944522D0D08C00E7C5C7 /* Debug */,
				3F55944622D0D08C00E7C5C7 /* Release */,
			);
			defaultConfigurationIsVisible = 0;
			defaultConfigurationName = Release;
		};
		3F55944722D0D08C00E7C5C7 /* Build configuration list for PBXNativeTarget "Tap Tap Revolution!!!" */ = {
			isa = XCConfigurationList;
			buildConfigurations = (
				3F55944822D0D08C00E7C5C7 /* Debug */,
				3F55944922D0D08C00E7C5C7 /* Release */,
			);
			defaultConfigurationIsVisible = 0;
			defaultConfigurationName = Release;
		};
		3F55944A22D0D08C00E7C5C7 /* Build configuration list for PBXNativeTarget "Tap Tap Revolution!!!Tests" */ = {
			isa = XCConfigurationList;
			buildConfigurations = (
				3F55944B22D0D08C00E7C5C7 /* Debug */,
				3F55944C22D0D08C00E7C5C7 /* Release */,
			);
			defaultConfigurationIsVisible = 0;
			defaultConfigurationName = Release;
		};
		3F55944D22D0D08C00E7C5C7 /* Build configuration list for PBXNativeTarget "Tap Tap Revolution!!!UITests" */ = {
			isa = XCConfigurationList;
			buildConfigurations = (
				3F55944E22D0D08C00E7C5C7 /* Debug */,
				3F55944F22D0D08C00E7C5C7 /* Release */,
			);
			defaultConfigurationIsVisible = 0;
			defaultConfigurationName = Release;
		};
/* End XCConfigurationList section */
	};
	rootObject = 3F55941722D0D08900E7C5C7 /* Project object */;
}
